
Microsoft Visual Studio Solution File, Format Version 12.00
# Visual Studio Version 16
VisualStudioVersion = 16.0.32602.291
MinimumVisualStudioVersion = 10.0.40219.1
Project("{FAE04EC0-301F-11D3-BF4B-00C04F79EFBC}") = "1. ProjectOne", "1. ProjectOne\1. ProjectOne.csproj", "{D17BDBEA-6570-4BD1-9482-388B32DF5806}"
EndProject
Project("{FAE04EC0-301F-11D3-BF4B-00C04F79EFBC}") = "2.ProjectTwo", "2.ProjectTwo\2.ProjectTwo.csproj", "{C4A3C492-77ED-4736-9A7C-32A2DAB162C7}"
EndProject
Project("{FAE04EC0-301F-11D3-BF4B-00C04F79EFBC}") = "3. ProjectThree", "3. ProjectThree\3. ProjectThree.csproj", "{1DACC89D-6ED3-422B-ACA7-ECAD710525C2}"
EndProject
Global
	GlobalSection(SolutionConfigurationPlatforms) = preSolution
		Debug|Any CPU = Debug|Any CPU
		Release|Any CPU = Release|Any CPU
	EndGlobalSection
	GlobalSection(ProjectConfigurationPlatforms) = postSolution
		{D17BDBEA-6570-4BD1-9482-388B32DF5806}.Debug|Any CPU.ActiveCfg = Debug|Any CPU
		{D17BDBEA-6570-4BD1-9482-388B32DF5806}.Debug|Any CPU.Build.0 = Debug|Any CPU
		{D17BDBEA-6570-4BD1-9482-388B32DF5806}.Release|Any CPU.ActiveCfg = Release|Any CPU
		{D17BDBEA-6570-4BD1-9482-388B32DF5806}.Release|Any CPU.Build.0 = Release|Any CPU
		{C4A3C492-77ED-4736-9A7C-32A2DAB162C7}.Debug|Any CPU.ActiveCfg = Debug|Any CPU
		{C4A3C492-77ED-4736-9A7C-32A2DAB162C7}.Debug|Any CPU.Build.0 = Debug|Any CPU
		{C4A3C492-77ED-4736-9A7C-32A2DAB162C7}.Release|Any CPU.ActiveCfg = Release|Any CPU
		{C4A3C492-77ED-4736-9A7C-32A2DAB162C7}.Release|Any CPU.Build.0 = Release|Any CPU
		{1DACC89D-6ED3-422B-ACA7-ECAD710525C2}.Debug|Any CPU.ActiveCfg = Debug|Any CPU
		{1DACC89D-6ED3-422B-ACA7-ECAD710525C2}.Debug|Any CPU.Build.0 = Debug|Any CPU
		{1DACC89D-6ED3-422B-ACA7-ECAD710525C2}.Release|Any CPU.ActiveCfg = Release|Any CPU
		{1DACC89D-6ED3-422B-ACA7-ECAD710525C2}.Release|Any CPU.Build.0 = Release|Any CPU
	EndGlobalSection
	GlobalSection(SolutionProperties) = preSolution
		HideSolutionNode = FALSE
	EndGlobalSection
	GlobalSection(ExtensibilityGlobals) = postSolution
		SolutionGuid = {DCBA7E18-9FAD-4CD4-BF48-26F7A9EE4154}
	EndGlobalSection
EndGlobal
